
Microsoft Visual Studio Solution File, Format Version 12.00
# Visual Studio 14
VisualStudioVersion = 14.0.24720.0
MinimumVisualStudioVersion = 10.0.40219.1
Project("{FAE04EC0-301F-11D3-BF4B-00C04F79EFBC}") = "AlbumViewer", "PhotoViewer\AlbumViewer.csproj", "{2AFB6601-1F80-4D96-A87A-D3A3C8BE7BEA}"
EndProject
Project("{FAE04EC0-301F-11D3-BF4B-00C04F79EFBC}") = "AlbumViewerMVVM", "AlbumViewerMVVM\AlbumViewerMVVM.csproj", "{04E5DFF3-C063-4055-A23F-409DA2858254}"
EndProject
Global
	GlobalSection(SolutionConfigurationPlatforms) = preSolution
		Debug|Any CPU = Debug|Any CPU
		Release|Any CPU = Release|Any CPU
	EndGlobalSection
	GlobalSection(ProjectConfigurationPlatforms) = postSolution
		{2AFB6601-1F80-4D96-A87A-D3A3C8BE7BEA}.Debug|Any CPU.ActiveCfg = Debug|Any CPU
		{2AFB6601-1F80-4D96-A87A-D3A3C8BE7BEA}.Debug|Any CPU.Build.0 = Debug|Any CPU
		{2AFB6601-1F80-4D96-A87A-D3A3C8BE7BEA}.Release|Any CPU.ActiveCfg = Release|Any CPU
		{2AFB6601-1F80-4D96-A87A-D3A3C8BE7BEA}.Release|Any CPU.Build.0 = Release|Any CPU
		{04E5DFF3-C063-4055-A23F-409DA2858254}.Debug|Any CPU.ActiveCfg = Debug|Any CPU
		{04E5DFF3-C063-4055-A23F-409DA2858254}.Debug|Any CPU.Build.0 = Debug|Any CPU
		{04E5DFF3-C063-4055-A23F-409DA2858254}.Release|Any CPU.ActiveCfg = Release|Any CPU
		{04E5DFF3-C063-4055-A23F-409DA2858254}.Release|Any CPU.Build.0 = Release|Any CPU
	EndGlobalSection
	GlobalSection(SolutionProperties) = preSolution
		HideSolutionNode = FALSE
	EndGlobalSection
EndGlobal
